dependencies:
- name: redis
  repository: https://charts.bitnami.com/bitnami
  version: 16.12.2
- name: postgresql
  repository: https://charts.bitnami.com/bitnami
  version: 11.6.7
- name: minio
  repository: https://raw.githubusercontent.com/bitnami/charts/pre-2022/bitnami
  version: 8.1.9
digest: sha256:fba09343528149bffd91c9cb4f1439dfc42cf7a1f0515231da56790d501f3c0a
generated: "2022-08-05T12:25:30.785154-04:00"
